
Microsoft Visual Studio Solution File, Format Version 12.00
# Visual Studio Version 16
VisualStudioVersion = 16.0.33529.622
MinimumVisualStudioVersion = 10.0.40219.1
Project("{FAE04EC0-301F-11D3-BF4B-00C04F79EFBC}") = "Baimoi1", "Baimoi1\Baimoi1.csproj", "{7CC52075-C00A-42B0-A1F7-EA8CF5BD4BB9}"
EndProject
Project("{FAE04EC0-301F-11D3-BF4B-00C04F79EFBC}") = "Baimoi2", "Baimoi2\Baimoi2.csproj", "{21D38F5E-16EA-4F36-9A7C-27866699136C}"
EndProject
Global
	GlobalSection(SolutionConfigurationPlatforms) = preSolution
		Debug|Any CPU = Debug|Any CPU
		Release|Any CPU = Release|Any CPU
	EndGlobalSection
	GlobalSection(ProjectConfigurationPlatforms) = postSolution
		{7CC52075-C00A-42B0-A1F7-EA8CF5BD4BB9}.Debug|Any CPU.ActiveCfg = Debug|Any CPU
		{7CC52075-C00A-42B0-A1F7-EA8CF5BD4BB9}.Debug|Any CPU.Build.0 = Debug|Any CPU
		{7CC52075-C00A-42B0-A1F7-EA8CF5BD4BB9}.Release|Any CPU.ActiveCfg = Release|Any CPU
		{7CC52075-C00A-42B0-A1F7-EA8CF5BD4BB9}.Release|Any CPU.Build.0 = Release|Any CPU
		{21D38F5E-16EA-4F36-9A7C-27866699136C}.Debug|Any CPU.ActiveCfg = Debug|Any CPU
		{21D38F5E-16EA-4F36-9A7C-27866699136C}.Debug|Any CPU.Build.0 = Debug|Any CPU
		{21D38F5E-16EA-4F36-9A7C-27866699136C}.Release|Any CPU.ActiveCfg = Release|Any CPU
		{21D38F5E-16EA-4F36-9A7C-27866699136C}.Release|Any CPU.Build.0 = Release|Any CPU
	EndGlobalSection
	GlobalSection(SolutionProperties) = preSolution
		HideSolutionNode = FALSE
	EndGlobalSection
	GlobalSection(ExtensibilityGlobals) = postSolution
		SolutionGuid = {D70D1234-9B90-4353-B33C-6BA6FF6E0A18}
	EndGlobalSection
EndGlobal
